{
  "name": "@connecteurs/io-ts-utils",
  "version": "1.0.0",
  "lockfileVersion": 1,
  "requires": true,
  "dependencies": {
    "fp-ts": {
      "version": "2.6.5",
      "resolved": "https://registry.npmjs.org/fp-ts/-/fp-ts-2.6.5.tgz",
      "integrity": "sha512-lQNzOMJj98b623+UZLQ+tnN/8qtNXz/vRoR9k7L/9OlUIyYH3qVzSUVZBDXYsAd7nOWzzdQALCX1ZqcF70altQ==",
      "dev": true
    },
    "io-ts": {
      "version": "2.2.4",
      "resolved": "https://registry.npmjs.org/io-ts/-/io-ts-2.2.4.tgz",
      "integrity": "sha512-a8A/3jekTgSPfQ+OG40sTiX2gohXZz89X1+TfKsWJ/vpA2dBilBkrGYPiDE8OaKMMG7xm5ma3SAZL5eNr4Bi2w==",
      "dev": true
    }
  }
}
